// !$*UTF8*$!
{
	archiveVersion = 1;
	classes = {
	};
	objectVersion = 56;
	objects = {

/* Begin PBXBuildFile section */
		F952C2DF2C2963CC000CE743 /* EburyTechnicalTestApp.swift in Sources */ = {isa = PBXBuildFile; fileRef = F952C2DE2C2963CC000CE743 /* EburyTechnicalTestApp.swift */; };
		F952C2E32C2963CD000CE743 /* Assets.xcassets in Resources */ = {isa = PBXBuildFile; fileRef = F952C2E22C2963CD000CE743 /* Assets.xcassets */; };
		F952C2F02C2963CD000CE743 /* EburyTechnicalTestTests.swift in Sources */ = {isa = PBXBuildFile; fileRef = F952C2EF2C2963CD000CE743 /* EburyTechnicalTestTests.swift */; };
		F952C2FA2C2963CD000CE743 /* EburyTechnicalTestUITests.swift in Sources */ = {isa = PBXBuildFile; fileRef = F952C2F92C2963CD000CE743 /* EburyTechnicalTestUITests.swift */; };
		F952C2FC2C2963CD000CE743 /* EburyTechnicalTestUITestsLaunchTests.swift in Sources */ = {isa = PBXBuildFile; fileRef = F952C2FB2C2963CD000CE743 /* EburyTechnicalTestUITestsLaunchTests.swift */; };
		F952C30C2C29A23B000CE743 /* SplashView.swift in Sources */ = {isa = PBXBuildFile; fileRef = F952C30B2C29A23B000CE743 /* SplashView.swift */; };
		F952C30E2C29A2DD000CE743 /* Colors.xcassets in Resources */ = {isa = PBXBuildFile; fileRef = F952C30D2C29A2DD000CE743 /* Colors.xcassets */; };
		F952C3112C29BEF7000CE743 /* HomeTabView.swift in Sources */ = {isa = PBXBuildFile; fileRef = F952C3102C29BEF7000CE743 /* HomeTabView.swift */; };
		F952C3132C29C4AE000CE743 /* HomeTabViewModel.swift in Sources */ = {isa = PBXBuildFile; fileRef = F952C3122C29C4AE000CE743 /* HomeTabViewModel.swift */; };
		F952C3162C2A13FC000CE743 /* WalletView.swift in Sources */ = {isa = PBXBuildFile; fileRef = F952C3152C2A13FC000CE743 /* WalletView.swift */; };
		F952C3182C2A1409000CE743 /* WalletViewModel.swift in Sources */ = {isa = PBXBuildFile; fileRef = F952C3172C2A1409000CE743 /* WalletViewModel.swift */; };
		F952C31D2C2A14C0000CE743 /* Currency.swift in Sources */ = {isa = PBXBuildFile; fileRef = F952C31C2C2A14C0000CE743 /* Currency.swift */; };
		F952C3202C2A1742000CE743 /* CurrencyView.swift in Sources */ = {isa = PBXBuildFile; fileRef = F952C31F2C2A1742000CE743 /* CurrencyView.swift */; };
		F952C3232C2AB12C000CE743 /* ProductsView.swift in Sources */ = {isa = PBXBuildFile; fileRef = F952C3222C2AB12C000CE743 /* ProductsView.swift */; };
		F952C3262C2AB1FD000CE743 /* Preview Content.xcassets in Resources */ = {isa = PBXBuildFile; fileRef = F952C3252C2AB1FD000CE743 /* Preview Content.xcassets */; };
		F952C32A2C2AB99D000CE743 /* WIPView.swift in Sources */ = {isa = PBXBuildFile; fileRef = F952C3292C2AB99D000CE743 /* WIPView.swift */; };
/* End PBXBuildFile section */

/* Begin PBXContainerItemProxy section */
		F952C2EC2C2963CD000CE743 /* PBXContainerItemProxy */ = {
			isa = PBXContainerItemProxy;
			containerPortal = F952C2D32C2963CC000CE743 /* Project object */;
			proxyType = 1;
			remoteGlobalIDString = F952C2DA2C2963CC000CE743;
			remoteInfo = EburyTechnicalTest;
		};
		F952C2F62C2963CD000CE743 /* PBXContainerItemProxy */ = {
			isa = PBXContainerItemProxy;
			containerPortal = F952C2D32C2963CC000CE743 /* Project object */;
			proxyType = 1;
			remoteGlobalIDString = F952C2DA2C2963CC000CE743;
			remoteInfo = EburyTechnicalTest;
		};
/* End PBXContainerItemProxy section */

/* Begin PBXFileReference section */
		F952C2DB2C2963CC000CE743 /* EburyTechnicalTest.app */ = {isa = PBXFileReference; explicitFileType = wrapper.application; includeInIndex = 0; path = EburyTechnicalTest.app; sourceTree = BUILT_PRODUCTS_DIR; };
		F952C2DE2C2963CC000CE743 /* EburyTechnicalTestApp.swift */ = {isa = PBXFileReference; lastKnownFileType = sourcecode.swift; path = EburyTechnicalTestApp.swift; sourceTree = "<group>"; };
		F952C2E22C2963CD000CE743 /* Assets.xcassets */ = {isa = PBXFileReference; lastKnownFileType = folder.assetcatalog; path = Assets.xcassets; sourceTree = "<group>"; };
		F952C2EB2C2963CD000CE743 /* EburyTechnicalTestTests.xctest */ = {isa = PBXFileReference; explicitFileType = wrapper.cfbundle; includeInIndex = 0; path = EburyTechnicalTestTests.xctest; sourceTree = BUILT_PRODUCTS_DIR; };
		F952C2EF2C2963CD000CE743 /* EburyTechnicalTestTests.swift */ = {isa = PBXFileReference; lastKnownFileType = sourcecode.swift; path = EburyTechnicalTestTests.swift; sourceTree = "<group>"; };
		F952C2F52C2963CD000CE743 /* EburyTechnicalTestUITests.xctest */ = {isa = PBXFileReference; explicitFileType = wrapper.cfbundle; includeInIndex = 0; path = EburyTechnicalTestUITests.xctest; sourceTree = BUILT_PRODUCTS_DIR; };
		F952C2F92C2963CD000CE743 /* EburyTechnicalTestUITests.swift */ = {isa = PBXFileReference; lastKnownFileType = sourcecode.swift; path = EburyTechnicalTestUITests.swift; sourceTree = "<group>"; };
		F952C2FB2C2963CD000CE743 /* EburyTechnicalTestUITestsLaunchTests.swift */ = {isa = PBXFileReference; lastKnownFileType = sourcecode.swift; path = EburyTechnicalTestUITestsLaunchTests.swift; sourceTree = "<group>"; };
		F952C30B2C29A23B000CE743 /* SplashView.swift */ = {isa = PBXFileReference; lastKnownFileType = sourcecode.swift; path = SplashView.swift; sourceTree = "<group>"; };
		F952C30D2C29A2DD000CE743 /* Colors.xcassets */ = {isa = PBXFileReference; lastKnownFileType = folder.assetcatalog; path = Colors.xcassets; sourceTree = "<group>"; };
		F952C3102C29BEF7000CE743 /* HomeTabView.swift */ = {isa = PBXFileReference; lastKnownFileType = sourcecode.swift; path = HomeTabView.swift; sourceTree = "<group>"; };
		F952C3122C29C4AE000CE743 /* HomeTabViewModel.swift */ = {isa = PBXFileReference; lastKnownFileType = sourcecode.swift; path = HomeTabViewModel.swift; sourceTree = "<group>"; };
		F952C3152C2A13FC000CE743 /* WalletView.swift */ = {isa = PBXFileReference; lastKnownFileType = sourcecode.swift; path = WalletView.swift; sourceTree = "<group>"; };
		F952C3172C2A1409000CE743 /* WalletViewModel.swift */ = {isa = PBXFileReference; lastKnownFileType = sourcecode.swift; path = WalletViewModel.swift; sourceTree = "<group>"; };
		F952C31C2C2A14C0000CE743 /* Currency.swift */ = {isa = PBXFileReference; lastKnownFileType = sourcecode.swift; path = Currency.swift; sourceTree = "<group>"; };
		F952C31F2C2A1742000CE743 /* CurrencyView.swift */ = {isa = PBXFileReference; lastKnownFileType = sourcecode.swift; path = CurrencyView.swift; sourceTree = "<group>"; };
		F952C3222C2AB12C000CE743 /* ProductsView.swift */ = {isa = PBXFileReference; lastKnownFileType = sourcecode.swift; path = ProductsView.swift; sourceTree = "<group>"; };
		F952C3252C2AB1FD000CE743 /* Preview Content.xcassets */ = {isa = PBXFileReference; lastKnownFileType = folder.assetcatalog; path = "Preview Content.xcassets"; sourceTree = "<group>"; };
		F952C3292C2AB99D000CE743 /* WIPView.swift */ = {isa = PBXFileReference; lastKnownFileType = sourcecode.swift; path = WIPView.swift; sourceTree = "<group>"; };
/* End PBXFileReference section */

/* Begin PBXFrameworksBuildPhase section */
		F952C2D82C2963CC000CE743 /* Frameworks */ = {
			isa = PBXFrameworksBuildPhase;
			buildActionMask = 2147483647;
			files = (
			);
			runOnlyForDeploymentPostprocessing = 0;
		};
		F952C2E82C2963CD000CE743 /* Frameworks */ = {
			isa = PBXFrameworksBuildPhase;
			buildActionMask = 2147483647;
			files = (
			);
			runOnlyForDeploymentPostprocessing = 0;
		};
		F952C2F22C2963CD000CE743 /* Frameworks */ = {
			isa = PBXFrameworksBuildPhase;
			buildActionMask = 2147483647;
			files = (
			);
			runOnlyForDeploymentPostprocessing = 0;
		};
/* End PBXFrameworksBuildPhase section */

/* Begin PBXGroup section */
		F952C2D22C2963CC000CE743 = {
			isa = PBXGroup;
			children = (
				F952C2DD2C2963CC000CE743 /* EburyTechnicalTest */,
				F952C2EE2C2963CD000CE743 /* EburyTechnicalTestTests */,
				F952C2F82C2963CD000CE743 /* EburyTechnicalTestUITests */,
				F952C2DC2C2963CC000CE743 /* Products */,
			);
			sourceTree = "<group>";
		};
		F952C2DC2C2963CC000CE743 /* Products */ = {
			isa = PBXGroup;
			children = (
				F952C2DB2C2963CC000CE743 /* EburyTechnicalTest.app */,
				F952C2EB2C2963CD000CE743 /* EburyTechnicalTestTests.xctest */,
				F952C2F52C2963CD000CE743 /* EburyTechnicalTestUITests.xctest */,
			);
			name = Products;
			sourceTree = "<group>";
		};
		F952C2DD2C2963CC000CE743 /* EburyTechnicalTest */ = {
			isa = PBXGroup;
			children = (
				F952C2E22C2963CD000CE743 /* Assets.xcassets */,
				F952C30D2C29A2DD000CE743 /* Colors.xcassets */,
				F952C30A2C29A224000CE743 /* App */,
				F952C31A2C2A14AF000CE743 /* Domain */,
				F952C3082C29A1FD000CE743 /* Features */,
				F952C3242C2AB1DB000CE743 /* Preview Content */,
				F952C31E2C2A170E000CE743 /* UI */,
			);
			path = EburyTechnicalTest;
			sourceTree = "<group>";
		};
		F952C2EE2C2963CD000CE743 /* EburyTechnicalTestTests */ = {
			isa = PBXGroup;
			children = (
				F952C2EF2C2963CD000CE743 /* EburyTechnicalTestTests.swift */,
			);
			path = EburyTechnicalTestTests;
			sourceTree = "<group>";
		};
		F952C2F82C2963CD000CE743 /* EburyTechnicalTestUITests */ = {
			isa = PBXGroup;
			children = (
				F952C2F92C2963CD000CE743 /* EburyTechnicalTestUITests.swift */,
				F952C2FB2C2963CD000CE743 /* EburyTechnicalTestUITestsLaunchTests.swift */,
			);
			path = EburyTechnicalTestUITests;
			sourceTree = "<group>";
		};
		F952C3082C29A1FD000CE743 /* Features */ = {
			isa = PBXGroup;
			children = (
				F952C30F2C29BC7D000CE743 /* HomeTabFeature */,
				F952C3212C2AB10B000CE743 /* ProductsFeature */,
				F952C3092C29A212000CE743 /* SplashFeature */,
				F952C3142C2A13C9000CE743 /* WalletFeature */,
			);
			path = Features;
			sourceTree = "<group>";
		};
		F952C3092C29A212000CE743 /* SplashFeature */ = {
			isa = PBXGroup;
			children = (
				F952C30B2C29A23B000CE743 /* SplashView.swift */,
			);
			path = SplashFeature;
			sourceTree = "<group>";
		};
		F952C30A2C29A224000CE743 /* App */ = {
			isa = PBXGroup;
			children = (
				F952C2DE2C2963CC000CE743 /* EburyTechnicalTestApp.swift */,
			);
			path = App;
			sourceTree = "<group>";
		};
		F952C30F2C29BC7D000CE743 /* HomeTabFeature */ = {
			isa = PBXGroup;
			children = (
				F952C3102C29BEF7000CE743 /* HomeTabView.swift */,
				F952C3122C29C4AE000CE743 /* HomeTabViewModel.swift */,
			);
			path = HomeTabFeature;
			sourceTree = "<group>";
		};
		F952C3142C2A13C9000CE743 /* WalletFeature */ = {
			isa = PBXGroup;
			children = (
				F952C3152C2A13FC000CE743 /* WalletView.swift */,
				F952C3172C2A1409000CE743 /* WalletViewModel.swift */,
			);
			path = WalletFeature;
			sourceTree = "<group>";
		};
		F952C31A2C2A14AF000CE743 /* Domain */ = {
			isa = PBXGroup;
			children = (
				F952C31B2C2A14B9000CE743 /* Models */,
			);
			path = Domain;
			sourceTree = "<group>";
		};
		F952C31B2C2A14B9000CE743 /* Models */ = {
			isa = PBXGroup;
			children = (
				F952C31C2C2A14C0000CE743 /* Currency.swift */,
			);
			path = Models;
			sourceTree = "<group>";
		};
		F952C31E2C2A170E000CE743 /* UI */ = {
			isa = PBXGroup;
			children = (
				F952C31F2C2A1742000CE743 /* CurrencyView.swift */,
				F952C3292C2AB99D000CE743 /* WIPView.swift */,
			);
			path = UI;
			sourceTree = "<group>";
		};
		F952C3212C2AB10B000CE743 /* ProductsFeature */ = {
			isa = PBXGroup;
			children = (
				F952C3222C2AB12C000CE743 /* ProductsView.swift */,
			);
			path = ProductsFeature;
			sourceTree = "<group>";
		};
		F952C3242C2AB1DB000CE743 /* Preview Content */ = {
			isa = PBXGroup;
			children = (
				F952C3252C2AB1FD000CE743 /* Preview Content.xcassets */,
			);
			path = "Preview Content";
			sourceTree = "<group>";
		};
/* End PBXGroup section */

/* Begin PBXNativeTarget section */
		F952C2DA2C2963CC000CE743 /* EburyTechnicalTest */ = {
			isa = PBXNativeTarget;
			buildConfigurationList = F952C2FF2C2963CD000CE743 /* Build configuration list for PBXNativeTarget "EburyTechnicalTest" */;
			buildPhases = (
				F952C2D72C2963CC000CE743 /* Sources */,
				F952C2D82C2963CC000CE743 /* Frameworks */,
				F952C2D92C2963CC000CE743 /* Resources */,
			);
			buildRules = (
			);
			dependencies = (
			);
			name = EburyTechnicalTest;
			productName = EburyTechnicalTest;
			productReference = F952C2DB2C2963CC000CE743 /* EburyTechnicalTest.app */;
			productType = "com.apple.product-type.application";
		};
		F952C2EA2C2963CD000CE743 /* EburyTechnicalTestTests */ = {
			isa = PBXNativeTarget;
			buildConfigurationList = F952C3022C2963CD000CE743 /* Build configuration list for PBXNativeTarget "EburyTechnicalTestTests" */;
			buildPhases = (
				F952C2E72C2963CD000CE743 /* Sources */,
				F952C2E82C2963CD000CE743 /* Frameworks */,
				F952C2E92C2963CD000CE743 /* Resources */,
			);
			buildRules = (
			);
			dependencies = (
				F952C2ED2C2963CD000CE743 /* PBXTargetDependency */,
			);
			name = EburyTechnicalTestTests;
			productName = EburyTechnicalTestTests;
			productReference = F952C2EB2C2963CD000CE743 /* EburyTechnicalTestTests.xctest */;
			productType = "com.apple.product-type.bundle.unit-test";
		};
		F952C2F42C2963CD000CE743 /* EburyTechnicalTestUITests */ = {
			isa = PBXNativeTarget;
			buildConfigurationList = F952C3052C2963CD000CE743 /* Build configuration list for PBXNativeTarget "EburyTechnicalTestUITests" */;
			buildPhases = (
				F952C2F12C2963CD000CE743 /* Sources */,
				F952C2F22C2963CD000CE743 /* Frameworks */,
				F952C2F32C2963CD000CE743 /* Resources */,
			);
			buildRules = (
			);
			dependencies = (
				F952C2F72C2963CD000CE743 /* PBXTargetDependency */,
			);
			name = EburyTechnicalTestUITests;
			productName = EburyTechnicalTestUITests;
			productReference = F952C2F52C2963CD000CE743 /* EburyTechnicalTestUITests.xctest */;
			productType = "com.apple.product-type.bundle.ui-testing";
		};
/* End PBXNativeTarget section */

/* Begin PBXProject section */
		F952C2D32C2963CC000CE743 /* Project object */ = {
			isa = PBXProject;
			attributes = {
				BuildIndependentTargetsInParallel = 1;
				LastSwiftUpdateCheck = 1540;
				LastUpgradeCheck = 1540;
				TargetAttributes = {
					F952C2DA2C2963CC000CE743 = {
						CreatedOnToolsVersion = 15.4;
					};
					F952C2EA2C2963CD000CE743 = {
						CreatedOnToolsVersion = 15.4;
						TestTargetID = F952C2DA2C2963CC000CE743;
					};
					F952C2F42C2963CD000CE743 = {
						CreatedOnToolsVersion = 15.4;
						TestTargetID = F952C2DA2C2963CC000CE743;
					};
				};
			};
			buildConfigurationList = F952C2D62C2963CC000CE743 /* Build configuration list for PBXProject "EburyTechnicalTest" */;
			compatibilityVersion = "Xcode 14.0";
			developmentRegion = en;
			hasScannedForEncodings = 0;
			knownRegions = (
				en,
				Base,
			);
			mainGroup = F952C2D22C2963CC000CE743;
			productRefGroup = F952C2DC2C2963CC000CE743 /* Products */;
			projectDirPath = "";
			projectRoot = "";
			targets = (
				F952C2DA2C2963CC000CE743 /* EburyTechnicalTest */,
				F952C2EA2C2963CD000CE743 /* EburyTechnicalTestTests */,
				F952C2F42C2963CD000CE743 /* EburyTechnicalTestUITests */,
			);
		};
/* End PBXProject section */

/* Begin PBXResourcesBuildPhase section */
		F952C2D92C2963CC000CE743 /* Resources */ = {
			isa = PBXResourcesBuildPhase;
			buildActionMask = 2147483647;
			files = (
				F952C30E2C29A2DD000CE743 /* Colors.xcassets in Resources */,
				F952C3262C2AB1FD000CE743 /* Preview Content.xcassets in Resources */,
				F952C2E32C2963CD000CE743 /* Assets.xcassets in Resources */,
			);
			runOnlyForDeploymentPostprocessing = 0;
		};
		F952C2E92C2963CD000CE743 /* Resources */ = {
			isa = PBXResourcesBuildPhase;
			buildActionMask = 2147483647;
			files = (
			);
			runOnlyForDeploymentPostprocessing = 0;
		};
		F952C2F32C2963CD000CE743 /* Resources */ = {
			isa = PBXResourcesBuildPhase;
			buildActionMask = 2147483647;
			files = (
			);
			runOnlyForDeploymentPostprocessing = 0;
		};
/* End PBXResourcesBuildPhase section */

/* Begin PBXSourcesBuildPhase section */
		F952C2D72C2963CC000CE743 /* Sources */ = {
			isa = PBXSourcesBuildPhase;
			buildActionMask = 2147483647;
			files = (
				F952C3112C29BEF7000CE743 /* HomeTabView.swift in Sources */,
				F952C3162C2A13FC000CE743 /* WalletView.swift in Sources */,
				F952C3132C29C4AE000CE743 /* HomeTabViewModel.swift in Sources */,
				F952C3202C2A1742000CE743 /* CurrencyView.swift in Sources */,
				F952C3182C2A1409000CE743 /* WalletViewModel.swift in Sources */,
				F952C32A2C2AB99D000CE743 /* WIPView.swift in Sources */,
				F952C2DF2C2963CC000CE743 /* EburyTechnicalTestApp.swift in Sources */,
				F952C31D2C2A14C0000CE743 /* Currency.swift in Sources */,
				F952C30C2C29A23B000CE743 /* SplashView.swift in Sources */,
				F952C3232C2AB12C000CE743 /* ProductsView.swift in Sources */,
			);
			runOnlyForDeploymentPostprocessing = 0;
		};
		F952C2E72C2963CD000CE743 /* Sources */ = {
			isa = PBXSourcesBuildPhase;
			buildActionMask = 2147483647;
			files = (
				F952C2F02C2963CD000CE743 /* EburyTechnicalTestTests.swift in Sources */,
			);
			runOnlyForDeploymentPostprocessing = 0;
		};
		F952C2F12C2963CD000CE743 /* Sources */ = {
			isa = PBXSourcesBuildPhase;
			buildActionMask = 2147483647;
			files = (
				F952C2FC2C2963CD000CE743 /* EburyTechnicalTestUITestsLaunchTests.swift in Sources */,
				F952C2FA2C2963CD000CE743 /* EburyTechnicalTestUITests.swift in Sources */,
			);
			runOnlyForDeploymentPostprocessing = 0;
		};
/* End PBXSourcesBuildPhase section */

/* Begin PBXTargetDependency section */
		F952C2ED2C2963CD000CE743 /* PBXTargetDependency */ = {
			isa = PBXTargetDependency;
			target = F952C2DA2C2963CC000CE743 /* EburyTechnicalTest */;
			targetProxy = F952C2EC2C2963CD000CE743 /* PBXContainerItemProxy */;
		};
		F952C2F72C2963CD000CE743 /* PBXTargetDependency */ = {
			isa = PBXTargetDependency;
			target = F952C2DA2C2963CC000CE743 /* EburyTechnicalTest */;
			targetProxy = F952C2F62C2963CD000CE743 /* PBXContainerItemProxy */;
		};
/* End PBXTargetDependency section */

/* Begin XCBuildConfiguration section */
		F952C2FD2C2963CD000CE743 /* Debug */ = {
			isa = XCBuildConfiguration;
			buildSettings = {
				ALWAYS_SEARCH_USER_PATHS = NO;
				ASSETCATALOG_COMPILER_GENERATE_SWIFT_ASSET_SYMBOL_EXTENSIONS = YES;
				CLANG_ANALYZER_NONNULL = YES;
				CLANG_ANALYZER_NUMBER_OBJECT_CONVERSION = YES_AGGRESSIVE;
				CLANG_CXX_LANGUAGE_STANDARD = "gnu++20";
				CLANG_ENABLE_MODULES = YES;
				CLANG_ENABLE_OBJC_ARC = YES;
				CLANG_ENABLE_OBJC_WEAK = YES;
				CLANG_WARN_BLOCK_CAPTURE_AUTORELEASING = YES;
				CLANG_WARN_BOOL_CONVERSION = YES;
				CLANG_WARN_COMMA = YES;
				CLANG_WARN_CONSTANT_CONVERSION = YES;
				CLANG_WARN_DEPRECATED_OBJC_IMPLEMENTATIONS = YES;
				CLANG_WARN_DIRECT_OBJC_ISA_USAGE = YES_ERROR;
				CLANG_WARN_DOCUMENTATION_COMMENTS = YES;
				CLANG_WARN_EMPTY_BODY = YES;
				CLANG_WARN_ENUM_CONVERSION = YES;
				CLANG_WARN_INFINITE_RECURSION = YES;
				CLANG_WARN_INT_CONVERSION = YES;
				CLANG_WARN_NON_LITERAL_NULL_CONVERSION = YES;
				CLANG_WARN_OBJC_IMPLICIT_RETAIN_SELF = YES;
				CLANG_WARN_OBJC_LITERAL_CONVERSION = YES;
				CLANG_WARN_OBJC_ROOT_CLASS = YES_ERROR;
				CLANG_WARN_QUOTED_INCLUDE_IN_FRAMEWORK_HEADER = YES;
				CLANG_WARN_RANGE_LOOP_ANALYSIS = YES;
				CLANG_WARN_STRICT_PROTOTYPES = YES;
				CLANG_WARN_SUSPICIOUS_MOVE = YES;
				CLANG_WARN_UNGUARDED_AVAILABILITY = YES_AGGRESSIVE;
				CLANG_WARN_UNREACHABLE_CODE = YES;
				CLANG_WARN__DUPLICATE_METHOD_MATCH = YES;
				COPY_PHASE_STRIP = NO;
				DEBUG_INFORMATION_FORMAT = dwarf;
				ENABLE_STRICT_OBJC_MSGSEND = YES;
				ENABLE_TESTABILITY = YES;
				ENABLE_USER_SCRIPT_SANDBOXING = YES;
				GCC_C_LANGUAGE_STANDARD = gnu17;
				GCC_DYNAMIC_NO_PIC = NO;
				GCC_NO_COMMON_BLOCKS = YES;
				GCC_OPTIMIZATION_LEVEL = 0;
				GCC_PREPROCESSOR_DEFINITIONS = (
					"DEBUG=1",
					"$(inherited)",
				);
				GCC_WARN_64_TO_32_BIT_CONVERSION = YES;
				GCC_WARN_ABOUT_RETURN_TYPE = YES_ERROR;
				GCC_WARN_UNDECLARED_SELECTOR = YES;
				GCC_WARN_UNINITIALIZED_AUTOS = YES_AGGRESSIVE;
				GCC_WARN_UNUSED_FUNCTION = YES;
				GCC_WARN_UNUSED_VARIABLE = YES;
				IPHONEOS_DEPLOYMENT_TARGET = 17.5;
				LOCALIZATION_PREFERS_STRING_CATALOGS = YES;
				MTL_ENABLE_DEBUG_INFO = INCLUDE_SOURCE;
				MTL_FAST_MATH = YES;
				ONLY_ACTIVE_ARCH = YES;
				SDKROOT = iphoneos;
				SWIFT_ACTIVE_COMPILATION_CONDITIONS = "DEBUG $(inherited)";
				SWIFT_OPTIMIZATION_LEVEL = "-Onone";
			};
			name = Debug;
		};
		F952C2FE2C2963CD000CE743 /* Release */ = {
			isa = XCBuildConfiguration;
			buildSettings = {
				ALWAYS_SEARCH_USER_PATHS = NO;
				ASSETCATALOG_COMPILER_GENERATE_SWIFT_ASSET_SYMBOL_EXTENSIONS = YES;
				CLANG_ANALYZER_NONNULL = YES;
				CLANG_ANALYZER_NUMBER_OBJECT_CONVERSION = YES_AGGRESSIVE;
				CLANG_CXX_LANGUAGE_STANDARD = "gnu++20";
				CLANG_ENABLE_MODULES = YES;
				CLANG_ENABLE_OBJC_ARC = YES;
				CLANG_ENABLE_OBJC_WEAK = YES;
				CLANG_WARN_BLOCK_CAPTURE_AUTORELEASING = YES;
				CLANG_WARN_BOOL_CONVERSION = YES;
				CLANG_WARN_COMMA = YES;
				CLANG_WARN_CONSTANT_CONVERSION = YES;
				CLANG_WARN_DEPRECATED_OBJC_IMPLEMENTATIONS = YES;
				CLANG_WARN_DIRECT_OBJC_ISA_USAGE = YES_ERROR;
				CLANG_WARN_DOCUMENTATION_COMMENTS = YES;
				CLANG_WARN_EMPTY_BODY = YES;
				CLANG_WARN_ENUM_CONVERSION = YES;
				CLANG_WARN_INFINITE_RECURSION = YES;
				CLANG_WARN_INT_CONVERSION = YES;
				CLANG_WARN_NON_LITERAL_NULL_CONVERSION = YES;
				CLANG_WARN_OBJC_IMPLICIT_RETAIN_SELF = YES;
				CLANG_WARN_OBJC_LITERAL_CONVERSION = YES;
				CLANG_WARN_OBJC_ROOT_CLASS = YES_ERROR;
				CLANG_WARN_QUOTED_INCLUDE_IN_FRAMEWORK_HEADER = YES;
				CLANG_WARN_RANGE_LOOP_ANALYSIS = YES;
				CLANG_WARN_STRICT_PROTOTYPES = YES;
				CLANG_WARN_SUSPICIOUS_MOVE = YES;
				CLANG_WARN_UNGUARDED_AVAILABILITY = YES_AGGRESSIVE;
				CLANG_WARN_UNREACHABLE_CODE = YES;
				CLANG_WARN__DUPLICATE_METHOD_MATCH = YES;
				COPY_PHASE_STRIP = NO;
				DEBUG_INFORMATION_FORMAT = "dwarf-with-dsym";
				ENABLE_NS_ASSERTIONS = NO;
				ENABLE_STRICT_OBJC_MSGSEND = YES;
				ENABLE_USER_SCRIPT_SANDBOXING = YES;
				GCC_C_LANGUAGE_STANDARD = gnu17;
				GCC_NO_COMMON_BLOCKS = YES;
				GCC_WARN_64_TO_32_BIT_CONVERSION = YES;
				GCC_WARN_ABOUT_RETURN_TYPE = YES_ERROR;
				GCC_WARN_UNDECLARED_SELECTOR = YES;
				GCC_WARN_UNINITIALIZED_AUTOS = YES_AGGRESSIVE;
				GCC_WARN_UNUSED_FUNCTION = YES;
				GCC_WARN_UNUSED_VARIABLE = YES;
				IPHONEOS_DEPLOYMENT_TARGET = 17.5;
				LOCALIZATION_PREFERS_STRING_CATALOGS = YES;
				MTL_ENABLE_DEBUG_INFO = NO;
				MTL_FAST_MATH = YES;
				SDKROOT = iphoneos;
				SWIFT_COMPILATION_MODE = wholemodule;
				VALIDATE_PRODUCT = YES;
			};
			name = Release;
		};
		F952C3002C2963CD000CE743 /* Debug */ = {
			isa = XCBuildConfiguration;
			buildSettings = {
				ASSETCATALOG_COMPILER_APPICON_NAME = AppIcon;
				ASSETCATALOG_COMPILER_GLOBAL_ACCENT_COLOR_NAME = AccentColor;
				CODE_SIGN_STYLE = Automatic;
				CURRENT_PROJECT_VERSION = 1;
				DEVELOPMENT_ASSET_PATHS = "\"EburyTechnicalTest/Preview Content\"";
				ENABLE_PREVIEWS = YES;
				GENERATE_INFOPLIST_FILE = YES;
				INFOPLIST_KEY_UIApplicationSceneManifest_Generation = YES;
				INFOPLIST_KEY_UIApplicationSupportsIndirectInputEvents = YES;
				INFOPLIST_KEY_UILaunchScreen_Generation = YES;
				INFOPLIST_KEY_UISupportedInterfaceOrientations_iPad = "UIInterfaceOrientationPortrait UIInterfaceOrientationPortraitUpsideDown UIInterfaceOrientationLandscapeLeft UIInterfaceOrientationLandscapeRight";
				INFOPLIST_KEY_UISupportedInterfaceOrientations_iPhone = "UIInterfaceOrientationPortrait UIInterfaceOrientationLandscapeLeft UIInterfaceOrientationLandscapeRight";
				LD_RUNPATH_SEARCH_PATHS = (
					"$(inherited)",
					"@executable_path/Frameworks",
				);
				MARKETING_VERSION = 1.0;
				PRODUCT_BUNDLE_IDENTIFIER = com.serulloa.EburyTechnicalTest;
				PRODUCT_NAME = "$(TARGET_NAME)";
				SWIFT_EMIT_LOC_STRINGS = YES;
				SWIFT_VERSION = 5.0;
				TARGETED_DEVICE_FAMILY = "1,2";
			};
			name = Debug;
		};
		F952C3012C2963CD000CE743 /* Release */ = {
			isa = XCBuildConfiguration;
			buildSettings = {
				ASSETCATALOG_COMPILER_APPICON_NAME = AppIcon;
				ASSETCATALOG_COMPILER_GLOBAL_ACCENT_COLOR_NAME = AccentColor;
				CODE_SIGN_STYLE = Automatic;
				CURRENT_PROJECT_VERSION = 1;
				DEVELOPMENT_ASSET_PATHS = "\"EburyTechnicalTest/Preview Content\"";
				ENABLE_PREVIEWS = YES;
				GENERATE_INFOPLIST_FILE = YES;
				INFOPLIST_KEY_UIApplicationSceneManifest_Generation = YES;
				INFOPLIST_KEY_UIApplicationSupportsIndirectInputEvents = YES;
				INFOPLIST_KEY_UILaunchScreen_Generation = YES;
				INFOPLIST_KEY_UISupportedInterfaceOrientations_iPad = "UIInterfaceOrientationPortrait UIInterfaceOrientationPortraitUpsideDown UIInterfaceOrientationLandscapeLeft UIInterfaceOrientationLandscapeRight";
				INFOPLIST_KEY_UISupportedInterfaceOrientations_iPhone = "UIInterfaceOrientationPortrait UIInterfaceOrientationLandscapeLeft UIInterfaceOrientationLandscapeRight";
				LD_RUNPATH_SEARCH_PATHS = (
					"$(inherited)",
					"@executable_path/Frameworks",
				);
				MARKETING_VERSION = 1.0;
				PRODUCT_BUNDLE_IDENTIFIER = com.serulloa.EburyTechnicalTest;
				PRODUCT_NAME = "$(TARGET_NAME)";
				SWIFT_EMIT_LOC_STRINGS = YES;
				SWIFT_VERSION = 5.0;
				TARGETED_DEVICE_FAMILY = "1,2";
			};
			name = Release;
		};
		F952C3032C2963CD000CE743 /* Debug */ = {
			isa = XCBuildConfiguration;
			buildSettings = {
				ALWAYS_EMBED_SWIFT_STANDARD_LIBRARIES = YES;
				BUNDLE_LOADER = "$(TEST_HOST)";
				CODE_SIGN_STYLE = Automatic;
				CURRENT_PROJECT_VERSION = 1;
				GENERATE_INFOPLIST_FILE = YES;
				IPHONEOS_DEPLOYMENT_TARGET = 17.5;
				MARKETING_VERSION = 1.0;
				PRODUCT_BUNDLE_IDENTIFIER = com.serulloa.EburyTechnicalTestTests;
				PRODUCT_NAME = "$(TARGET_NAME)";
				SWIFT_EMIT_LOC_STRINGS = NO;
				SWIFT_VERSION = 5.0;
				TARGETED_DEVICE_FAMILY = "1,2";
				TEST_HOST = "$(BUILT_PRODUCTS_DIR)/EburyTechnicalTest.app/$(BUNDLE_EXECUTABLE_FOLDER_PATH)/EburyTechnicalTest";
			};
			name = Debug;
		};
		F952C3042C2963CD000CE743 /* Release */ = {
			isa = XCBuildConfiguration;
			buildSettings = {
				ALWAYS_EMBED_SWIFT_STANDARD_LIBRARIES = YES;
				BUNDLE_LOADER = "$(TEST_HOST)";
				CODE_SIGN_STYLE = Automatic;
				CURRENT_PROJECT_VERSION = 1;
				GENERATE_INFOPLIST_FILE = YES;
				IPHONEOS_DEPLOYMENT_TARGET = 17.5;
				MARKETING_VERSION = 1.0;
				PRODUCT_BUNDLE_IDENTIFIER = com.serulloa.EburyTechnicalTestTests;
				PRODUCT_NAME = "$(TARGET_NAME)";
				SWIFT_EMIT_LOC_STRINGS = NO;
				SWIFT_VERSION = 5.0;
				TARGETED_DEVICE_FAMILY = "1,2";
				TEST_HOST = "$(BUILT_PRODUCTS_DIR)/EburyTechnicalTest.app/$(BUNDLE_EXECUTABLE_FOLDER_PATH)/EburyTechnicalTest";
			};
			name = Release;
		};
		F952C3062C2963CD000CE743 /* Debug */ = {
			isa = XCBuildConfiguration;
			buildSettings = {
				ALWAYS_EMBED_SWIFT_STANDARD_LIBRARIES = YES;
				CODE_SIGN_STYLE = Automatic;
				CURRENT_PROJECT_VERSION = 1;
				GENERATE_INFOPLIST_FILE = YES;
				MARKETING_VERSION = 1.0;
				PRODUCT_BUNDLE_IDENTIFIER = com.serulloa.EburyTechnicalTestUITests;
				PRODUCT_NAME = "$(TARGET_NAME)";
				SWIFT_EMIT_LOC_STRINGS = NO;
				SWIFT_VERSION = 5.0;
				TARGETED_DEVICE_FAMILY = "1,2";
				TEST_TARGET_NAME = EburyTechnicalTest;
			};
			name = Debug;
		};
		F952C3072C2963CD000CE743 /* Release */ = {
			isa = XCBuildConfiguration;
			buildSettings = {
				ALWAYS_EMBED_SWIFT_STANDARD_LIBRARIES = YES;
				CODE_SIGN_STYLE = Automatic;
				CURRENT_PROJECT_VERSION = 1;
				GENERATE_INFOPLIST_FILE = YES;
				MARKETING_VERSION = 1.0;
				PRODUCT_BUNDLE_IDENTIFIER = com.serulloa.EburyTechnicalTestUITests;
				PRODUCT_NAME = "$(TARGET_NAME)";
				SWIFT_EMIT_LOC_STRINGS = NO;
				SWIFT_VERSION = 5.0;
				TARGETED_DEVICE_FAMILY = "1,2";
				TEST_TARGET_NAME = EburyTechnicalTest;
			};
			name = Release;
		};
/* End XCBuildConfiguration section */

/* Begin XCConfigurationList section */
		F952C2D62C2963CC000CE743 /* Build configuration list for PBXProject "EburyTechnicalTest" */ = {
			isa = XCConfigurationList;
			buildConfigurations = (
				F952C2FD2C2963CD000CE743 /* Debug */,
				F952C2FE2C2963CD000CE743 /* Release */,
			);
			defaultConfigurationIsVisible = 0;
			defaultConfigurationName = Release;
		};
		F952C2FF2C2963CD000CE743 /* Build configuration list for PBXNativeTarget "EburyTechnicalTest" */ = {
			isa = XCConfigurationList;
			buildConfigurations = (
				F952C3002C2963CD000CE743 /* Debug */,
				F952C3012C2963CD000CE743 /* Release */,
			);
			defaultConfigurationIsVisible = 0;
			defaultConfigurationName = Release;
		};
		F952C3022C2963CD000CE743 /* Build configuration list for PBXNativeTarget "EburyTechnicalTestTests" */ = {
			isa = XCConfigurationList;
			buildConfigurations = (
				F952C3032C2963CD000CE743 /* Debug */,
				F952C3042C2963CD000CE743 /* Release */,
			);
			defaultConfigurationIsVisible = 0;
			defaultConfigurationName = Release;
		};
		F952C3052C2963CD000CE743 /* Build configuration list for PBXNativeTarget "EburyTechnicalTestUITests" */ = {
			isa = XCConfigurationList;
			buildConfigurations = (
				F952C3062C2963CD000CE743 /* Debug */,
				F952C3072C2963CD000CE743 /* Release */,
			);
			defaultConfigurationIsVisible = 0;
			defaultConfigurationName = Release;
		};
/* End XCConfigurationList section */
	};
	rootObject = F952C2D32C2963CC000CE743 /* Project object */;
}
