// !$*UTF8*$!
{
	archiveVersion = 1;
	classes = {
	};
	objectVersion = 56;
	objects = {

/* Begin PBXBuildFile section */
		F903DFD92C2B7CEE00F124E9 /* MockError.swift in Sources */ = {isa = PBXBuildFile; fileRef = F903DFD82C2B7CEE00F124E9 /* MockError.swift */; };
		F952C2DF2C2963CC000CE743 /* EburyTechnicalTestApp.swift in Sources */ = {isa = PBXBuildFile; fileRef = F952C2DE2C2963CC000CE743 /* EburyTechnicalTestApp.swift */; };
		F952C2E32C2963CD000CE743 /* Assets.xcassets in Resources */ = {isa = PBXBuildFile; fileRef = F952C2E22C2963CD000CE743 /* Assets.xcassets */; };
		F952C30C2C29A23B000CE743 /* SplashView.swift in Sources */ = {isa = PBXBuildFile; fileRef = F952C30B2C29A23B000CE743 /* SplashView.swift */; };
		F952C30E2C29A2DD000CE743 /* Colors.xcassets in Resources */ = {isa = PBXBuildFile; fileRef = F952C30D2C29A2DD000CE743 /* Colors.xcassets */; };
		F952C3112C29BEF7000CE743 /* HomeTabView.swift in Sources */ = {isa = PBXBuildFile; fileRef = F952C3102C29BEF7000CE743 /* HomeTabView.swift */; };
		F952C3132C29C4AE000CE743 /* HomeTabViewModel.swift in Sources */ = {isa = PBXBuildFile; fileRef = F952C3122C29C4AE000CE743 /* HomeTabViewModel.swift */; };
		F952C3162C2A13FC000CE743 /* WalletView.swift in Sources */ = {isa = PBXBuildFile; fileRef = F952C3152C2A13FC000CE743 /* WalletView.swift */; };
		F952C3182C2A1409000CE743 /* WalletViewModel.swift in Sources */ = {isa = PBXBuildFile; fileRef = F952C3172C2A1409000CE743 /* WalletViewModel.swift */; };
		F952C31D2C2A14C0000CE743 /* Currency.swift in Sources */ = {isa = PBXBuildFile; fileRef = F952C31C2C2A14C0000CE743 /* Currency.swift */; };
		F952C3202C2A1742000CE743 /* CurrencyView.swift in Sources */ = {isa = PBXBuildFile; fileRef = F952C31F2C2A1742000CE743 /* CurrencyView.swift */; };
		F952C3232C2AB12C000CE743 /* ProductsView.swift in Sources */ = {isa = PBXBuildFile; fileRef = F952C3222C2AB12C000CE743 /* ProductsView.swift */; };
		F952C3262C2AB1FD000CE743 /* Preview Content.xcassets in Resources */ = {isa = PBXBuildFile; fileRef = F952C3252C2AB1FD000CE743 /* Preview Content.xcassets */; };
		F952C32A2C2AB99D000CE743 /* WIPView.swift in Sources */ = {isa = PBXBuildFile; fileRef = F952C3292C2AB99D000CE743 /* WIPView.swift */; };
		F952C32C2C2AD57D000CE743 /* SplashViewModel.swift in Sources */ = {isa = PBXBuildFile; fileRef = F952C32B2C2AD57D000CE743 /* SplashViewModel.swift */; };
		F952C32E2C2AD8C4000CE743 /* MainView.swift in Sources */ = {isa = PBXBuildFile; fileRef = F952C32D2C2AD8C4000CE743 /* MainView.swift */; };
		F952C3312C2B14C1000CE743 /* APIClient.swift in Sources */ = {isa = PBXBuildFile; fileRef = F952C3302C2B14C1000CE743 /* APIClient.swift */; };
		F952C3332C2B14C9000CE743 /* APIConstants.swift in Sources */ = {isa = PBXBuildFile; fileRef = F952C3322C2B14C9000CE743 /* APIConstants.swift */; };
		F952C3352C2B1615000CE743 /* Endpoint.swift in Sources */ = {isa = PBXBuildFile; fileRef = F952C3342C2B1615000CE743 /* Endpoint.swift */; };
		F952C3372C2B1646000CE743 /* HTTPMethod.swift in Sources */ = {isa = PBXBuildFile; fileRef = F952C3362C2B1646000CE743 /* HTTPMethod.swift */; };
		F952C33B2C2B16F6000CE743 /* GetWalletsEndpoint.swift in Sources */ = {isa = PBXBuildFile; fileRef = F952C33A2C2B16F6000CE743 /* GetWalletsEndpoint.swift */; };
		F952C33D2C2B1848000CE743 /* APIEndpoint.swift in Sources */ = {isa = PBXBuildFile; fileRef = F952C33C2C2B1848000CE743 /* APIEndpoint.swift */; };
		F952C33F2C2B18C8000CE743 /* Parser.swift in Sources */ = {isa = PBXBuildFile; fileRef = F952C33E2C2B18C8000CE743 /* Parser.swift */; };
		F952C3432C2B199C000CE743 /* WalletDataModel.swift in Sources */ = {isa = PBXBuildFile; fileRef = F952C3422C2B199C000CE743 /* WalletDataModel.swift */; };
		F952C3452C2B2DF3000CE743 /* HomeUseCase.swift in Sources */ = {isa = PBXBuildFile; fileRef = F952C3442C2B2DF3000CE743 /* HomeUseCase.swift */; };
		F952C3492C2B2E93000CE743 /* WalletDatasource.swift in Sources */ = {isa = PBXBuildFile; fileRef = F952C3482C2B2E93000CE743 /* WalletDatasource.swift */; };
		F952C34B2C2B3486000CE743 /* EmptyRequest.swift in Sources */ = {isa = PBXBuildFile; fileRef = F952C34A2C2B3486000CE743 /* EmptyRequest.swift */; };
		F952C3502C2B3525000CE743 /* WalletRepository.swift in Sources */ = {isa = PBXBuildFile; fileRef = F952C34F2C2B3525000CE743 /* WalletRepository.swift */; };
		F952C3522C2B3554000CE743 /* Wallet.swift in Sources */ = {isa = PBXBuildFile; fileRef = F952C3512C2B3554000CE743 /* Wallet.swift */; };
		F952C3572C2B37A9000CE743 /* WalletRepositoryImpl.swift in Sources */ = {isa = PBXBuildFile; fileRef = F952C3562C2B37A9000CE743 /* WalletRepositoryImpl.swift */; };
		F952C35A2C2B37F6000CE743 /* WalletMapper.swift in Sources */ = {isa = PBXBuildFile; fileRef = F952C3592C2B37F5000CE743 /* WalletMapper.swift */; };
		F952C35E2C2B3B28000CE743 /* UseCasesAssembly.swift in Sources */ = {isa = PBXBuildFile; fileRef = F952C35D2C2B3B28000CE743 /* UseCasesAssembly.swift */; };
		F952C3612C2B3C4C000CE743 /* HomeUseCaseImpl.swift in Sources */ = {isa = PBXBuildFile; fileRef = F952C3602C2B3C4C000CE743 /* HomeUseCaseImpl.swift */; };
		F952C3632C2B3C9F000CE743 /* HomeUseCaseMock.swift in Sources */ = {isa = PBXBuildFile; fileRef = F952C3622C2B3C9F000CE743 /* HomeUseCaseMock.swift */; };
		F952C3652C2B425F000CE743 /* Launch Screen.storyboard in Resources */ = {isa = PBXBuildFile; fileRef = F952C3642C2B425F000CE743 /* Launch Screen.storyboard */; };
		F9F976A92C2B561800778177 /* HomeUseCaseTests.swift in Sources */ = {isa = PBXBuildFile; fileRef = F9F976A82C2B561800778177 /* HomeUseCaseTests.swift */; };
		F9F976AE2C2B566000778177 /* WalletRepositoryMock.swift in Sources */ = {isa = PBXBuildFile; fileRef = F9F976AD2C2B566000778177 /* WalletRepositoryMock.swift */; };
/* End PBXBuildFile section */

/* Begin PBXContainerItemProxy section */
		F952C2EC2C2963CD000CE743 /* PBXContainerItemProxy */ = {
			isa = PBXContainerItemProxy;
			containerPortal = F952C2D32C2963CC000CE743 /* Project object */;
			proxyType = 1;
			remoteGlobalIDString = F952C2DA2C2963CC000CE743;
			remoteInfo = EburyTechnicalTest;
		};
/* End PBXContainerItemProxy section */

/* Begin PBXFileReference section */
		F903DFD82C2B7CEE00F124E9 /* MockError.swift */ = {isa = PBXFileReference; lastKnownFileType = sourcecode.swift; path = MockError.swift; sourceTree = "<group>"; };
		F952C2DB2C2963CC000CE743 /* EburyTechnicalTest.app */ = {isa = PBXFileReference; explicitFileType = wrapper.application; includeInIndex = 0; path = EburyTechnicalTest.app; sourceTree = BUILT_PRODUCTS_DIR; };
		F952C2DE2C2963CC000CE743 /* EburyTechnicalTestApp.swift */ = {isa = PBXFileReference; lastKnownFileType = sourcecode.swift; path = EburyTechnicalTestApp.swift; sourceTree = "<group>"; };
		F952C2E22C2963CD000CE743 /* Assets.xcassets */ = {isa = PBXFileReference; lastKnownFileType = folder.assetcatalog; path = Assets.xcassets; sourceTree = "<group>"; };
		F952C2EB2C2963CD000CE743 /* EburyTechnicalTestTests.xctest */ = {isa = PBXFileReference; explicitFileType = wrapper.cfbundle; includeInIndex = 0; path = EburyTechnicalTestTests.xctest; sourceTree = BUILT_PRODUCTS_DIR; };
		F952C30B2C29A23B000CE743 /* SplashView.swift */ = {isa = PBXFileReference; lastKnownFileType = sourcecode.swift; path = SplashView.swift; sourceTree = "<group>"; };
		F952C30D2C29A2DD000CE743 /* Colors.xcassets */ = {isa = PBXFileReference; lastKnownFileType = folder.assetcatalog; path = Colors.xcassets; sourceTree = "<group>"; };
		F952C3102C29BEF7000CE743 /* HomeTabView.swift */ = {isa = PBXFileReference; lastKnownFileType = sourcecode.swift; path = HomeTabView.swift; sourceTree = "<group>"; };
		F952C3122C29C4AE000CE743 /* HomeTabViewModel.swift */ = {isa = PBXFileReference; lastKnownFileType = sourcecode.swift; path = HomeTabViewModel.swift; sourceTree = "<group>"; };
		F952C3152C2A13FC000CE743 /* WalletView.swift */ = {isa = PBXFileReference; lastKnownFileType = sourcecode.swift; path = WalletView.swift; sourceTree = "<group>"; };
		F952C3172C2A1409000CE743 /* WalletViewModel.swift */ = {isa = PBXFileReference; lastKnownFileType = sourcecode.swift; path = WalletViewModel.swift; sourceTree = "<group>"; };
		F952C31C2C2A14C0000CE743 /* Currency.swift */ = {isa = PBXFileReference; lastKnownFileType = sourcecode.swift; path = Currency.swift; sourceTree = "<group>"; };
		F952C31F2C2A1742000CE743 /* CurrencyView.swift */ = {isa = PBXFileReference; lastKnownFileType = sourcecode.swift; path = CurrencyView.swift; sourceTree = "<group>"; };
		F952C3222C2AB12C000CE743 /* ProductsView.swift */ = {isa = PBXFileReference; lastKnownFileType = sourcecode.swift; path = ProductsView.swift; sourceTree = "<group>"; };
		F952C3252C2AB1FD000CE743 /* Preview Content.xcassets */ = {isa = PBXFileReference; lastKnownFileType = folder.assetcatalog; path = "Preview Content.xcassets"; sourceTree = "<group>"; };
		F952C3292C2AB99D000CE743 /* WIPView.swift */ = {isa = PBXFileReference; lastKnownFileType = sourcecode.swift; path = WIPView.swift; sourceTree = "<group>"; };
		F952C32B2C2AD57D000CE743 /* SplashViewModel.swift */ = {isa = PBXFileReference; lastKnownFileType = sourcecode.swift; path = SplashViewModel.swift; sourceTree = "<group>"; };
		F952C32D2C2AD8C4000CE743 /* MainView.swift */ = {isa = PBXFileReference; lastKnownFileType = sourcecode.swift; path = MainView.swift; sourceTree = "<group>"; };
		F952C3302C2B14C1000CE743 /* APIClient.swift */ = {isa = PBXFileReference; lastKnownFileType = sourcecode.swift; path = APIClient.swift; sourceTree = "<group>"; };
		F952C3322C2B14C9000CE743 /* APIConstants.swift */ = {isa = PBXFileReference; lastKnownFileType = sourcecode.swift; path = APIConstants.swift; sourceTree = "<group>"; };
		F952C3342C2B1615000CE743 /* Endpoint.swift */ = {isa = PBXFileReference; lastKnownFileType = sourcecode.swift; path = Endpoint.swift; sourceTree = "<group>"; };
		F952C3362C2B1646000CE743 /* HTTPMethod.swift */ = {isa = PBXFileReference; lastKnownFileType = sourcecode.swift; path = HTTPMethod.swift; sourceTree = "<group>"; };
		F952C33A2C2B16F6000CE743 /* GetWalletsEndpoint.swift */ = {isa = PBXFileReference; lastKnownFileType = sourcecode.swift; path = GetWalletsEndpoint.swift; sourceTree = "<group>"; };
		F952C33C2C2B1848000CE743 /* APIEndpoint.swift */ = {isa = PBXFileReference; lastKnownFileType = sourcecode.swift; path = APIEndpoint.swift; sourceTree = "<group>"; };
		F952C33E2C2B18C8000CE743 /* Parser.swift */ = {isa = PBXFileReference; lastKnownFileType = sourcecode.swift; path = Parser.swift; sourceTree = "<group>"; };
		F952C3422C2B199C000CE743 /* WalletDataModel.swift */ = {isa = PBXFileReference; lastKnownFileType = sourcecode.swift; path = WalletDataModel.swift; sourceTree = "<group>"; };
		F952C3442C2B2DF3000CE743 /* HomeUseCase.swift */ = {isa = PBXFileReference; lastKnownFileType = sourcecode.swift; path = HomeUseCase.swift; sourceTree = "<group>"; };
		F952C3482C2B2E93000CE743 /* WalletDatasource.swift */ = {isa = PBXFileReference; lastKnownFileType = sourcecode.swift; path = WalletDatasource.swift; sourceTree = "<group>"; };
		F952C34A2C2B3486000CE743 /* EmptyRequest.swift */ = {isa = PBXFileReference; lastKnownFileType = sourcecode.swift; path = EmptyRequest.swift; sourceTree = "<group>"; };
		F952C34F2C2B3525000CE743 /* WalletRepository.swift */ = {isa = PBXFileReference; lastKnownFileType = sourcecode.swift; path = WalletRepository.swift; sourceTree = "<group>"; };
		F952C3512C2B3554000CE743 /* Wallet.swift */ = {isa = PBXFileReference; lastKnownFileType = sourcecode.swift; path = Wallet.swift; sourceTree = "<group>"; };
		F952C3562C2B37A9000CE743 /* WalletRepositoryImpl.swift */ = {isa = PBXFileReference; lastKnownFileType = sourcecode.swift; path = WalletRepositoryImpl.swift; sourceTree = "<group>"; };
		F952C3592C2B37F5000CE743 /* WalletMapper.swift */ = {isa = PBXFileReference; lastKnownFileType = sourcecode.swift; path = WalletMapper.swift; sourceTree = "<group>"; };
		F952C35D2C2B3B28000CE743 /* UseCasesAssembly.swift */ = {isa = PBXFileReference; lastKnownFileType = sourcecode.swift; path = UseCasesAssembly.swift; sourceTree = "<group>"; };
		F952C3602C2B3C4C000CE743 /* HomeUseCaseImpl.swift */ = {isa = PBXFileReference; lastKnownFileType = sourcecode.swift; path = HomeUseCaseImpl.swift; sourceTree = "<group>"; };
		F952C3622C2B3C9F000CE743 /* HomeUseCaseMock.swift */ = {isa = PBXFileReference; lastKnownFileType = sourcecode.swift; path = HomeUseCaseMock.swift; sourceTree = "<group>"; };
		F952C3642C2B425F000CE743 /* Launch Screen.storyboard */ = {isa = PBXFileReference; lastKnownFileType = file.storyboard; path = "Launch Screen.storyboard"; sourceTree = "<group>"; };
		F9F976A82C2B561800778177 /* HomeUseCaseTests.swift */ = {isa = PBXFileReference; lastKnownFileType = sourcecode.swift; path = HomeUseCaseTests.swift; sourceTree = "<group>"; };
		F9F976AD2C2B566000778177 /* WalletRepositoryMock.swift */ = {isa = PBXFileReference; lastKnownFileType = sourcecode.swift; path = WalletRepositoryMock.swift; sourceTree = "<group>"; };
/* End PBXFileReference section */

/* Begin PBXFrameworksBuildPhase section */
		F952C2D82C2963CC000CE743 /* Frameworks */ = {
			isa = PBXFrameworksBuildPhase;
			buildActionMask = 2147483647;
			files = (
			);
			runOnlyForDeploymentPostprocessing = 0;
		};
		F952C2E82C2963CD000CE743 /* Frameworks */ = {
			isa = PBXFrameworksBuildPhase;
			buildActionMask = 2147483647;
			files = (
			);
			runOnlyForDeploymentPostprocessing = 0;
		};
/* End PBXFrameworksBuildPhase section */

/* Begin PBXGroup section */
		F903DFD72C2B7CE400F124E9 /* Mocks */ = {
			isa = PBXGroup;
			children = (
				F903DFD82C2B7CEE00F124E9 /* MockError.swift */,
			);
			path = Mocks;
			sourceTree = "<group>";
		};
		F952C2D22C2963CC000CE743 = {
			isa = PBXGroup;
			children = (
				F952C2DD2C2963CC000CE743 /* EburyTechnicalTest */,
				F952C2EE2C2963CD000CE743 /* EburyTechnicalTestTests */,
				F952C2DC2C2963CC000CE743 /* Products */,
			);
			sourceTree = "<group>";
		};
		F952C2DC2C2963CC000CE743 /* Products */ = {
			isa = PBXGroup;
			children = (
				F952C2DB2C2963CC000CE743 /* EburyTechnicalTest.app */,
				F952C2EB2C2963CD000CE743 /* EburyTechnicalTestTests.xctest */,
			);
			name = Products;
			sourceTree = "<group>";
		};
		F952C2DD2C2963CC000CE743 /* EburyTechnicalTest */ = {
			isa = PBXGroup;
			children = (
				F952C3642C2B425F000CE743 /* Launch Screen.storyboard */,
				F952C2E22C2963CD000CE743 /* Assets.xcassets */,
				F952C30D2C29A2DD000CE743 /* Colors.xcassets */,
				F952C30A2C29A224000CE743 /* App */,
				F952C35C2C2B3B16000CE743 /* Assembly */,
				F952C3382C2B16D6000CE743 /* Data */,
				F952C31A2C2A14AF000CE743 /* Domain */,
				F952C35B2C2B3B02000CE743 /* Presentation */,
				F952C3242C2AB1DB000CE743 /* Preview Content */,
				F952C31E2C2A170E000CE743 /* UI */,
			);
			path = EburyTechnicalTest;
			sourceTree = "<group>";
		};
		F952C2EE2C2963CD000CE743 /* EburyTechnicalTestTests */ = {
			isa = PBXGroup;
			children = (
				F903DFD72C2B7CE400F124E9 /* Mocks */,
				F9F976AA2C2B561E00778177 /* Domain */,
			);
			path = EburyTechnicalTestTests;
			sourceTree = "<group>";
		};
		F952C3082C29A1FD000CE743 /* Features */ = {
			isa = PBXGroup;
			children = (
				F952C30F2C29BC7D000CE743 /* HomeTabFeature */,
				F952C3212C2AB10B000CE743 /* ProductsFeature */,
				F952C3092C29A212000CE743 /* SplashFeature */,
				F952C3142C2A13C9000CE743 /* WalletFeature */,
			);
			path = Features;
			sourceTree = "<group>";
		};
		F952C3092C29A212000CE743 /* SplashFeature */ = {
			isa = PBXGroup;
			children = (
				F952C30B2C29A23B000CE743 /* SplashView.swift */,
				F952C32B2C2AD57D000CE743 /* SplashViewModel.swift */,
			);
			path = SplashFeature;
			sourceTree = "<group>";
		};
		F952C30A2C29A224000CE743 /* App */ = {
			isa = PBXGroup;
			children = (
				F952C2DE2C2963CC000CE743 /* EburyTechnicalTestApp.swift */,
				F952C32D2C2AD8C4000CE743 /* MainView.swift */,
				F952C32F2C2B1480000CE743 /* Network */,
			);
			path = App;
			sourceTree = "<group>";
		};
		F952C30F2C29BC7D000CE743 /* HomeTabFeature */ = {
			isa = PBXGroup;
			children = (
				F952C3102C29BEF7000CE743 /* HomeTabView.swift */,
				F952C3122C29C4AE000CE743 /* HomeTabViewModel.swift */,
			);
			path = HomeTabFeature;
			sourceTree = "<group>";
		};
		F952C3142C2A13C9000CE743 /* WalletFeature */ = {
			isa = PBXGroup;
			children = (
				F952C3152C2A13FC000CE743 /* WalletView.swift */,
				F952C3172C2A1409000CE743 /* WalletViewModel.swift */,
			);
			path = WalletFeature;
			sourceTree = "<group>";
		};
		F952C31A2C2A14AF000CE743 /* Domain */ = {
			isa = PBXGroup;
			children = (
				F952C31B2C2A14B9000CE743 /* Models */,
				F952C34E2C2B350E000CE743 /* Repositories */,
				F952C3462C2B2DF9000CE743 /* UseCases */,
			);
			path = Domain;
			sourceTree = "<group>";
		};
		F952C31B2C2A14B9000CE743 /* Models */ = {
			isa = PBXGroup;
			children = (
				F952C31C2C2A14C0000CE743 /* Currency.swift */,
				F952C3512C2B3554000CE743 /* Wallet.swift */,
			);
			path = Models;
			sourceTree = "<group>";
		};
		F952C31E2C2A170E000CE743 /* UI */ = {
			isa = PBXGroup;
			children = (
				F952C31F2C2A1742000CE743 /* CurrencyView.swift */,
				F952C3292C2AB99D000CE743 /* WIPView.swift */,
			);
			path = UI;
			sourceTree = "<group>";
		};
		F952C3212C2AB10B000CE743 /* ProductsFeature */ = {
			isa = PBXGroup;
			children = (
				F952C3222C2AB12C000CE743 /* ProductsView.swift */,
			);
			path = ProductsFeature;
			sourceTree = "<group>";
		};
		F952C3242C2AB1DB000CE743 /* Preview Content */ = {
			isa = PBXGroup;
			children = (
				F952C3252C2AB1FD000CE743 /* Preview Content.xcassets */,
			);
			path = "Preview Content";
			sourceTree = "<group>";
		};
		F952C32F2C2B1480000CE743 /* Network */ = {
			isa = PBXGroup;
			children = (
				F952C3302C2B14C1000CE743 /* APIClient.swift */,
				F952C3322C2B14C9000CE743 /* APIConstants.swift */,
				F952C33C2C2B1848000CE743 /* APIEndpoint.swift */,
				F952C34A2C2B3486000CE743 /* EmptyRequest.swift */,
				F952C3342C2B1615000CE743 /* Endpoint.swift */,
				F952C3362C2B1646000CE743 /* HTTPMethod.swift */,
				F952C33E2C2B18C8000CE743 /* Parser.swift */,
			);
			path = Network;
			sourceTree = "<group>";
		};
		F952C3382C2B16D6000CE743 /* Data */ = {
			isa = PBXGroup;
			children = (
				F952C3582C2B37E8000CE743 /* Mappers */,
				F952C34D2C2B34FD000CE743 /* Repositories */,
				F952C3472C2B2E70000CE743 /* Datasources */,
				F952C3412C2B198E000CE743 /* Models */,
				F952C3392C2B16DF000CE743 /* Endpoints */,
			);
			path = Data;
			sourceTree = "<group>";
		};
		F952C3392C2B16DF000CE743 /* Endpoints */ = {
			isa = PBXGroup;
			children = (
				F952C33A2C2B16F6000CE743 /* GetWalletsEndpoint.swift */,
			);
			path = Endpoints;
			sourceTree = "<group>";
		};
		F952C3412C2B198E000CE743 /* Models */ = {
			isa = PBXGroup;
			children = (
				F952C3422C2B199C000CE743 /* WalletDataModel.swift */,
			);
			path = Models;
			sourceTree = "<group>";
		};
		F952C3462C2B2DF9000CE743 /* UseCases */ = {
			isa = PBXGroup;
			children = (
				F952C35F2C2B3C3B000CE743 /* HomeUseCase */,
			);
			path = UseCases;
			sourceTree = "<group>";
		};
		F952C3472C2B2E70000CE743 /* Datasources */ = {
			isa = PBXGroup;
			children = (
				F952C3482C2B2E93000CE743 /* WalletDatasource.swift */,
			);
			path = Datasources;
			sourceTree = "<group>";
		};
		F952C34D2C2B34FD000CE743 /* Repositories */ = {
			isa = PBXGroup;
			children = (
				F952C3562C2B37A9000CE743 /* WalletRepositoryImpl.swift */,
			);
			path = Repositories;
			sourceTree = "<group>";
		};
		F952C34E2C2B350E000CE743 /* Repositories */ = {
			isa = PBXGroup;
			children = (
				F9F976AC2C2B565000778177 /* WalletRepository */,
			);
			path = Repositories;
			sourceTree = "<group>";
		};
		F952C3582C2B37E8000CE743 /* Mappers */ = {
			isa = PBXGroup;
			children = (
				F952C3592C2B37F5000CE743 /* WalletMapper.swift */,
			);
			path = Mappers;
			sourceTree = "<group>";
		};
		F952C35B2C2B3B02000CE743 /* Presentation */ = {
			isa = PBXGroup;
			children = (
				F952C3082C29A1FD000CE743 /* Features */,
			);
			path = Presentation;
			sourceTree = "<group>";
		};
		F952C35C2C2B3B16000CE743 /* Assembly */ = {
			isa = PBXGroup;
			children = (
				F952C35D2C2B3B28000CE743 /* UseCasesAssembly.swift */,
			);
			path = Assembly;
			sourceTree = "<group>";
		};
		F952C35F2C2B3C3B000CE743 /* HomeUseCase */ = {
			isa = PBXGroup;
			children = (
				F952C3442C2B2DF3000CE743 /* HomeUseCase.swift */,
				F952C3602C2B3C4C000CE743 /* HomeUseCaseImpl.swift */,
				F952C3622C2B3C9F000CE743 /* HomeUseCaseMock.swift */,
			);
			path = HomeUseCase;
			sourceTree = "<group>";
		};
		F9F976AA2C2B561E00778177 /* Domain */ = {
			isa = PBXGroup;
			children = (
				F9F976AB2C2B562900778177 /* UseCases */,
			);
			path = Domain;
			sourceTree = "<group>";
		};
		F9F976AB2C2B562900778177 /* UseCases */ = {
			isa = PBXGroup;
			children = (
				F9F976A82C2B561800778177 /* HomeUseCaseTests.swift */,
			);
			path = UseCases;
			sourceTree = "<group>";
		};
		F9F976AC2C2B565000778177 /* WalletRepository */ = {
			isa = PBXGroup;
			children = (
				F952C34F2C2B3525000CE743 /* WalletRepository.swift */,
				F9F976AD2C2B566000778177 /* WalletRepositoryMock.swift */,
			);
			path = WalletRepository;
			sourceTree = "<group>";
		};
/* End PBXGroup section */

/* Begin PBXNativeTarget section */
		F952C2DA2C2963CC000CE743 /* EburyTechnicalTest */ = {
			isa = PBXNativeTarget;
			buildConfigurationList = F952C2FF2C2963CD000CE743 /* Build configuration list for PBXNativeTarget "EburyTechnicalTest" */;
			buildPhases = (
				F952C2D72C2963CC000CE743 /* Sources */,
				F952C2D82C2963CC000CE743 /* Frameworks */,
				F952C2D92C2963CC000CE743 /* Resources */,
			);
			buildRules = (
			);
			dependencies = (
			);
			name = EburyTechnicalTest;
			productName = EburyTechnicalTest;
			productReference = F952C2DB2C2963CC000CE743 /* EburyTechnicalTest.app */;
			productType = "com.apple.product-type.application";
		};
		F952C2EA2C2963CD000CE743 /* EburyTechnicalTestTests */ = {
			isa = PBXNativeTarget;
			buildConfigurationList = F952C3022C2963CD000CE743 /* Build configuration list for PBXNativeTarget "EburyTechnicalTestTests" */;
			buildPhases = (
				F952C2E72C2963CD000CE743 /* Sources */,
				F952C2E82C2963CD000CE743 /* Frameworks */,
				F952C2E92C2963CD000CE743 /* Resources */,
			);
			buildRules = (
			);
			dependencies = (
				F952C2ED2C2963CD000CE743 /* PBXTargetDependency */,
			);
			name = EburyTechnicalTestTests;
			productName = EburyTechnicalTestTests;
			productReference = F952C2EB2C2963CD000CE743 /* EburyTechnicalTestTests.xctest */;
			productType = "com.apple.product-type.bundle.unit-test";
		};
/* End PBXNativeTarget section */

/* Begin PBXProject section */
		F952C2D32C2963CC000CE743 /* Project object */ = {
			isa = PBXProject;
			attributes = {
				BuildIndependentTargetsInParallel = 1;
				LastSwiftUpdateCheck = 1540;
				LastUpgradeCheck = 1540;
				TargetAttributes = {
					F952C2DA2C2963CC000CE743 = {
						CreatedOnToolsVersion = 15.4;
					};
					F952C2EA2C2963CD000CE743 = {
						CreatedOnToolsVersion = 15.4;
						LastSwiftMigration = 1540;
						TestTargetID = F952C2DA2C2963CC000CE743;
					};
				};
			};
			buildConfigurationList = F952C2D62C2963CC000CE743 /* Build configuration list for PBXProject "EburyTechnicalTest" */;
			compatibilityVersion = "Xcode 14.0";
			developmentRegion = en;
			hasScannedForEncodings = 0;
			knownRegions = (
				en,
				Base,
			);
			mainGroup = F952C2D22C2963CC000CE743;
			productRefGroup = F952C2DC2C2963CC000CE743 /* Products */;
			projectDirPath = "";
			projectRoot = "";
			targets = (
				F952C2DA2C2963CC000CE743 /* EburyTechnicalTest */,
				F952C2EA2C2963CD000CE743 /* EburyTechnicalTestTests */,
			);
		};
/* End PBXProject section */

/* Begin PBXResourcesBuildPhase section */
		F952C2D92C2963CC000CE743 /* Resources */ = {
			isa = PBXResourcesBuildPhase;
			buildActionMask = 2147483647;
			files = (
				F952C30E2C29A2DD000CE743 /* Colors.xcassets in Resources */,
				F952C3262C2AB1FD000CE743 /* Preview Content.xcassets in Resources */,
				F952C3652C2B425F000CE743 /* Launch Screen.storyboard in Resources */,
				F952C2E32C2963CD000CE743 /* Assets.xcassets in Resources */,
			);
			runOnlyForDeploymentPostprocessing = 0;
		};
		F952C2E92C2963CD000CE743 /* Resources */ = {
			isa = PBXResourcesBuildPhase;
			buildActionMask = 2147483647;
			files = (
			);
			runOnlyForDeploymentPostprocessing = 0;
		};
/* End PBXResourcesBuildPhase section */

/* Begin PBXSourcesBuildPhase section */
		F952C2D72C2963CC000CE743 /* Sources */ = {
			isa = PBXSourcesBuildPhase;
			buildActionMask = 2147483647;
			files = (
				F952C3112C29BEF7000CE743 /* HomeTabView.swift in Sources */,
				F952C34B2C2B3486000CE743 /* EmptyRequest.swift in Sources */,
				F952C3502C2B3525000CE743 /* WalletRepository.swift in Sources */,
				F952C32E2C2AD8C4000CE743 /* MainView.swift in Sources */,
				F952C33B2C2B16F6000CE743 /* GetWalletsEndpoint.swift in Sources */,
				F952C3522C2B3554000CE743 /* Wallet.swift in Sources */,
				F952C3492C2B2E93000CE743 /* WalletDatasource.swift in Sources */,
				F952C33D2C2B1848000CE743 /* APIEndpoint.swift in Sources */,
				F952C3432C2B199C000CE743 /* WalletDataModel.swift in Sources */,
				F952C3162C2A13FC000CE743 /* WalletView.swift in Sources */,
				F952C3132C29C4AE000CE743 /* HomeTabViewModel.swift in Sources */,
				F952C3612C2B3C4C000CE743 /* HomeUseCaseImpl.swift in Sources */,
				F952C3352C2B1615000CE743 /* Endpoint.swift in Sources */,
				F952C35E2C2B3B28000CE743 /* UseCasesAssembly.swift in Sources */,
				F952C3202C2A1742000CE743 /* CurrencyView.swift in Sources */,
				F952C32C2C2AD57D000CE743 /* SplashViewModel.swift in Sources */,
				F952C3182C2A1409000CE743 /* WalletViewModel.swift in Sources */,
				F952C32A2C2AB99D000CE743 /* WIPView.swift in Sources */,
				F9F976AE2C2B566000778177 /* WalletRepositoryMock.swift in Sources */,
				F952C3632C2B3C9F000CE743 /* HomeUseCaseMock.swift in Sources */,
				F952C3332C2B14C9000CE743 /* APIConstants.swift in Sources */,
				F952C2DF2C2963CC000CE743 /* EburyTechnicalTestApp.swift in Sources */,
				F952C3312C2B14C1000CE743 /* APIClient.swift in Sources */,
				F952C3452C2B2DF3000CE743 /* HomeUseCase.swift in Sources */,
				F952C3372C2B1646000CE743 /* HTTPMethod.swift in Sources */,
				F952C33F2C2B18C8000CE743 /* Parser.swift in Sources */,
				F952C35A2C2B37F6000CE743 /* WalletMapper.swift in Sources */,
				F952C3572C2B37A9000CE743 /* WalletRepositoryImpl.swift in Sources */,
				F952C31D2C2A14C0000CE743 /* Currency.swift in Sources */,
				F952C30C2C29A23B000CE743 /* SplashView.swift in Sources */,
				F952C3232C2AB12C000CE743 /* ProductsView.swift in Sources */,
			);
			runOnlyForDeploymentPostprocessing = 0;
		};
		F952C2E72C2963CD000CE743 /* Sources */ = {
			isa = PBXSourcesBuildPhase;
			buildActionMask = 2147483647;
			files = (
				F903DFD92C2B7CEE00F124E9 /* MockError.swift in Sources */,
				F9F976A92C2B561800778177 /* HomeUseCaseTests.swift in Sources */,
			);
			runOnlyForDeploymentPostprocessing = 0;
		};
/* End PBXSourcesBuildPhase section */

/* Begin PBXTargetDependency section */
		F952C2ED2C2963CD000CE743 /* PBXTargetDependency */ = {
			isa = PBXTargetDependency;
			target = F952C2DA2C2963CC000CE743 /* EburyTechnicalTest */;
			targetProxy = F952C2EC2C2963CD000CE743 /* PBXContainerItemProxy */;
		};
/* End PBXTargetDependency section */

/* Begin XCBuildConfiguration section */
		F952C2FD2C2963CD000CE743 /* Debug */ = {
			isa = XCBuildConfiguration;
			buildSettings = {
				ALWAYS_SEARCH_USER_PATHS = NO;
				ASSETCATALOG_COMPILER_GENERATE_SWIFT_ASSET_SYMBOL_EXTENSIONS = YES;
				CLANG_ANALYZER_NONNULL = YES;
				CLANG_ANALYZER_NUMBER_OBJECT_CONVERSION = YES_AGGRESSIVE;
				CLANG_CXX_LANGUAGE_STANDARD = "gnu++20";
				CLANG_ENABLE_MODULES = YES;
				CLANG_ENABLE_OBJC_ARC = YES;
				CLANG_ENABLE_OBJC_WEAK = YES;
				CLANG_WARN_BLOCK_CAPTURE_AUTORELEASING = YES;
				CLANG_WARN_BOOL_CONVERSION = YES;
				CLANG_WARN_COMMA = YES;
				CLANG_WARN_CONSTANT_CONVERSION = YES;
				CLANG_WARN_DEPRECATED_OBJC_IMPLEMENTATIONS = YES;
				CLANG_WARN_DIRECT_OBJC_ISA_USAGE = YES_ERROR;
				CLANG_WARN_DOCUMENTATION_COMMENTS = YES;
				CLANG_WARN_EMPTY_BODY = YES;
				CLANG_WARN_ENUM_CONVERSION = YES;
				CLANG_WARN_INFINITE_RECURSION = YES;
				CLANG_WARN_INT_CONVERSION = YES;
				CLANG_WARN_NON_LITERAL_NULL_CONVERSION = YES;
				CLANG_WARN_OBJC_IMPLICIT_RETAIN_SELF = YES;
				CLANG_WARN_OBJC_LITERAL_CONVERSION = YES;
				CLANG_WARN_OBJC_ROOT_CLASS = YES_ERROR;
				CLANG_WARN_QUOTED_INCLUDE_IN_FRAMEWORK_HEADER = YES;
				CLANG_WARN_RANGE_LOOP_ANALYSIS = YES;
				CLANG_WARN_STRICT_PROTOTYPES = YES;
				CLANG_WARN_SUSPICIOUS_MOVE = YES;
				CLANG_WARN_UNGUARDED_AVAILABILITY = YES_AGGRESSIVE;
				CLANG_WARN_UNREACHABLE_CODE = YES;
				CLANG_WARN__DUPLICATE_METHOD_MATCH = YES;
				COPY_PHASE_STRIP = NO;
				DEBUG_INFORMATION_FORMAT = dwarf;
				ENABLE_STRICT_OBJC_MSGSEND = YES;
				ENABLE_TESTABILITY = YES;
				ENABLE_USER_SCRIPT_SANDBOXING = YES;
				GCC_C_LANGUAGE_STANDARD = gnu17;
				GCC_DYNAMIC_NO_PIC = NO;
				GCC_NO_COMMON_BLOCKS = YES;
				GCC_OPTIMIZATION_LEVEL = 0;
				GCC_PREPROCESSOR_DEFINITIONS = (
					"DEBUG=1",
					"$(inherited)",
				);
				GCC_WARN_64_TO_32_BIT_CONVERSION = YES;
				GCC_WARN_ABOUT_RETURN_TYPE = YES_ERROR;
				GCC_WARN_UNDECLARED_SELECTOR = YES;
				GCC_WARN_UNINITIALIZED_AUTOS = YES_AGGRESSIVE;
				GCC_WARN_UNUSED_FUNCTION = YES;
				GCC_WARN_UNUSED_VARIABLE = YES;
				IPHONEOS_DEPLOYMENT_TARGET = 17.5;
				LOCALIZATION_PREFERS_STRING_CATALOGS = YES;
				MTL_ENABLE_DEBUG_INFO = INCLUDE_SOURCE;
				MTL_FAST_MATH = YES;
				ONLY_ACTIVE_ARCH = YES;
				SDKROOT = iphoneos;
				SWIFT_ACTIVE_COMPILATION_CONDITIONS = "DEBUG $(inherited)";
				SWIFT_OPTIMIZATION_LEVEL = "-Onone";
			};
			name = Debug;
		};
		F952C2FE2C2963CD000CE743 /* Release */ = {
			isa = XCBuildConfiguration;
			buildSettings = {
				ALWAYS_SEARCH_USER_PATHS = NO;
				ASSETCATALOG_COMPILER_GENERATE_SWIFT_ASSET_SYMBOL_EXTENSIONS = YES;
				CLANG_ANALYZER_NONNULL = YES;
				CLANG_ANALYZER_NUMBER_OBJECT_CONVERSION = YES_AGGRESSIVE;
				CLANG_CXX_LANGUAGE_STANDARD = "gnu++20";
				CLANG_ENABLE_MODULES = YES;
				CLANG_ENABLE_OBJC_ARC = YES;
				CLANG_ENABLE_OBJC_WEAK = YES;
				CLANG_WARN_BLOCK_CAPTURE_AUTORELEASING = YES;
				CLANG_WARN_BOOL_CONVERSION = YES;
				CLANG_WARN_COMMA = YES;
				CLANG_WARN_CONSTANT_CONVERSION = YES;
				CLANG_WARN_DEPRECATED_OBJC_IMPLEMENTATIONS = YES;
				CLANG_WARN_DIRECT_OBJC_ISA_USAGE = YES_ERROR;
				CLANG_WARN_DOCUMENTATION_COMMENTS = YES;
				CLANG_WARN_EMPTY_BODY = YES;
				CLANG_WARN_ENUM_CONVERSION = YES;
				CLANG_WARN_INFINITE_RECURSION = YES;
				CLANG_WARN_INT_CONVERSION = YES;
				CLANG_WARN_NON_LITERAL_NULL_CONVERSION = YES;
				CLANG_WARN_OBJC_IMPLICIT_RETAIN_SELF = YES;
				CLANG_WARN_OBJC_LITERAL_CONVERSION = YES;
				CLANG_WARN_OBJC_ROOT_CLASS = YES_ERROR;
				CLANG_WARN_QUOTED_INCLUDE_IN_FRAMEWORK_HEADER = YES;
				CLANG_WARN_RANGE_LOOP_ANALYSIS = YES;
				CLANG_WARN_STRICT_PROTOTYPES = YES;
				CLANG_WARN_SUSPICIOUS_MOVE = YES;
				CLANG_WARN_UNGUARDED_AVAILABILITY = YES_AGGRESSIVE;
				CLANG_WARN_UNREACHABLE_CODE = YES;
				CLANG_WARN__DUPLICATE_METHOD_MATCH = YES;
				COPY_PHASE_STRIP = NO;
				DEBUG_INFORMATION_FORMAT = "dwarf-with-dsym";
				ENABLE_NS_ASSERTIONS = NO;
				ENABLE_STRICT_OBJC_MSGSEND = YES;
				ENABLE_USER_SCRIPT_SANDBOXING = YES;
				GCC_C_LANGUAGE_STANDARD = gnu17;
				GCC_NO_COMMON_BLOCKS = YES;
				GCC_WARN_64_TO_32_BIT_CONVERSION = YES;
				GCC_WARN_ABOUT_RETURN_TYPE = YES_ERROR;
				GCC_WARN_UNDECLARED_SELECTOR = YES;
				GCC_WARN_UNINITIALIZED_AUTOS = YES_AGGRESSIVE;
				GCC_WARN_UNUSED_FUNCTION = YES;
				GCC_WARN_UNUSED_VARIABLE = YES;
				IPHONEOS_DEPLOYMENT_TARGET = 17.5;
				LOCALIZATION_PREFERS_STRING_CATALOGS = YES;
				MTL_ENABLE_DEBUG_INFO = NO;
				MTL_FAST_MATH = YES;
				SDKROOT = iphoneos;
				SWIFT_COMPILATION_MODE = wholemodule;
				VALIDATE_PRODUCT = YES;
			};
			name = Release;
		};
		F952C3002C2963CD000CE743 /* Debug */ = {
			isa = XCBuildConfiguration;
			buildSettings = {
				ASSETCATALOG_COMPILER_APPICON_NAME = AppIcon;
				ASSETCATALOG_COMPILER_GLOBAL_ACCENT_COLOR_NAME = AccentColor;
				CODE_SIGN_STYLE = Automatic;
				CURRENT_PROJECT_VERSION = 1;
				DEVELOPMENT_ASSET_PATHS = "\"EburyTechnicalTest/Preview Content\"";
				ENABLE_PREVIEWS = YES;
				GENERATE_INFOPLIST_FILE = YES;
				INFOPLIST_KEY_UIApplicationSceneManifest_Generation = YES;
				INFOPLIST_KEY_UIApplicationSupportsIndirectInputEvents = YES;
				INFOPLIST_KEY_UILaunchScreen_Generation = YES;
				INFOPLIST_KEY_UILaunchStoryboardName = "Launch Screen.storyboard";
				INFOPLIST_KEY_UISupportedInterfaceOrientations_iPad = "UIInterfaceOrientationPortrait UIInterfaceOrientationPortraitUpsideDown UIInterfaceOrientationLandscapeLeft UIInterfaceOrientationLandscapeRight";
				INFOPLIST_KEY_UISupportedInterfaceOrientations_iPhone = "UIInterfaceOrientationPortrait UIInterfaceOrientationLandscapeLeft UIInterfaceOrientationLandscapeRight";
				LD_RUNPATH_SEARCH_PATHS = (
					"$(inherited)",
					"@executable_path/Frameworks",
				);
				MARKETING_VERSION = 1.0;
				PRODUCT_BUNDLE_IDENTIFIER = com.serulloa.EburyTechnicalTest;
				PRODUCT_NAME = "$(TARGET_NAME)";
				SWIFT_EMIT_LOC_STRINGS = YES;
				SWIFT_VERSION = 5.0;
				TARGETED_DEVICE_FAMILY = "1,2";
			};
			name = Debug;
		};
		F952C3012C2963CD000CE743 /* Release */ = {
			isa = XCBuildConfiguration;
			buildSettings = {
				ASSETCATALOG_COMPILER_APPICON_NAME = AppIcon;
				ASSETCATALOG_COMPILER_GLOBAL_ACCENT_COLOR_NAME = AccentColor;
				CODE_SIGN_STYLE = Automatic;
				CURRENT_PROJECT_VERSION = 1;
				DEVELOPMENT_ASSET_PATHS = "\"EburyTechnicalTest/Preview Content\"";
				ENABLE_PREVIEWS = YES;
				GENERATE_INFOPLIST_FILE = YES;
				INFOPLIST_KEY_UIApplicationSceneManifest_Generation = YES;
				INFOPLIST_KEY_UIApplicationSupportsIndirectInputEvents = YES;
				INFOPLIST_KEY_UILaunchScreen_Generation = YES;
				INFOPLIST_KEY_UILaunchStoryboardName = "Launch Screen.storyboard";
				INFOPLIST_KEY_UISupportedInterfaceOrientations_iPad = "UIInterfaceOrientationPortrait UIInterfaceOrientationPortraitUpsideDown UIInterfaceOrientationLandscapeLeft UIInterfaceOrientationLandscapeRight";
				INFOPLIST_KEY_UISupportedInterfaceOrientations_iPhone = "UIInterfaceOrientationPortrait UIInterfaceOrientationLandscapeLeft UIInterfaceOrientationLandscapeRight";
				LD_RUNPATH_SEARCH_PATHS = (
					"$(inherited)",
					"@executable_path/Frameworks",
				);
				MARKETING_VERSION = 1.0;
				PRODUCT_BUNDLE_IDENTIFIER = com.serulloa.EburyTechnicalTest;
				PRODUCT_NAME = "$(TARGET_NAME)";
				SWIFT_EMIT_LOC_STRINGS = YES;
				SWIFT_VERSION = 5.0;
				TARGETED_DEVICE_FAMILY = "1,2";
			};
			name = Release;
		};
		F952C3032C2963CD000CE743 /* Debug */ = {
			isa = XCBuildConfiguration;
			buildSettings = {
				ALWAYS_EMBED_SWIFT_STANDARD_LIBRARIES = YES;
				BUNDLE_LOADER = "$(TEST_HOST)";
				CLANG_ENABLE_MODULES = YES;
				CODE_SIGN_STYLE = Automatic;
				CURRENT_PROJECT_VERSION = 1;
				GENERATE_INFOPLIST_FILE = YES;
				IPHONEOS_DEPLOYMENT_TARGET = 17.5;
				MARKETING_VERSION = 1.0;
				PRODUCT_BUNDLE_IDENTIFIER = com.serulloa.EburyTechnicalTestTests;
				PRODUCT_NAME = "$(TARGET_NAME)";
				SWIFT_EMIT_LOC_STRINGS = NO;
				SWIFT_OPTIMIZATION_LEVEL = "-Onone";
				SWIFT_VERSION = 5.0;
				TARGETED_DEVICE_FAMILY = "1,2";
				TEST_HOST = "$(BUILT_PRODUCTS_DIR)/EburyTechnicalTest.app/$(BUNDLE_EXECUTABLE_FOLDER_PATH)/EburyTechnicalTest";
			};
			name = Debug;
		};
		F952C3042C2963CD000CE743 /* Release */ = {
			isa = XCBuildConfiguration;
			buildSettings = {
				ALWAYS_EMBED_SWIFT_STANDARD_LIBRARIES = YES;
				BUNDLE_LOADER = "$(TEST_HOST)";
				CLANG_ENABLE_MODULES = YES;
				CODE_SIGN_STYLE = Automatic;
				CURRENT_PROJECT_VERSION = 1;
				GENERATE_INFOPLIST_FILE = YES;
				IPHONEOS_DEPLOYMENT_TARGET = 17.5;
				MARKETING_VERSION = 1.0;
				PRODUCT_BUNDLE_IDENTIFIER = com.serulloa.EburyTechnicalTestTests;
				PRODUCT_NAME = "$(TARGET_NAME)";
				SWIFT_EMIT_LOC_STRINGS = NO;
				SWIFT_VERSION = 5.0;
				TARGETED_DEVICE_FAMILY = "1,2";
				TEST_HOST = "$(BUILT_PRODUCTS_DIR)/EburyTechnicalTest.app/$(BUNDLE_EXECUTABLE_FOLDER_PATH)/EburyTechnicalTest";
			};
			name = Release;
		};
/* End XCBuildConfiguration section */

/* Begin XCConfigurationList section */
		F952C2D62C2963CC000CE743 /* Build configuration list for PBXProject "EburyTechnicalTest" */ = {
			isa = XCConfigurationList;
			buildConfigurations = (
				F952C2FD2C2963CD000CE743 /* Debug */,
				F952C2FE2C2963CD000CE743 /* Release */,
			);
			defaultConfigurationIsVisible = 0;
			defaultConfigurationName = Release;
		};
		F952C2FF2C2963CD000CE743 /* Build configuration list for PBXNativeTarget "EburyTechnicalTest" */ = {
			isa = XCConfigurationList;
			buildConfigurations = (
				F952C3002C2963CD000CE743 /* Debug */,
				F952C3012C2963CD000CE743 /* Release */,
			);
			defaultConfigurationIsVisible = 0;
			defaultConfigurationName = Release;
		};
		F952C3022C2963CD000CE743 /* Build configuration list for PBXNativeTarget "EburyTechnicalTestTests" */ = {
			isa = XCConfigurationList;
			buildConfigurations = (
				F952C3032C2963CD000CE743 /* Debug */,
				F952C3042C2963CD000CE743 /* Release */,
			);
			defaultConfigurationIsVisible = 0;
			defaultConfigurationName = Release;
		};
/* End XCConfigurationList section */
	};
	rootObject = F952C2D32C2963CC000CE743 /* Project object */;
}
